{
  "originHash" : "0f203ebf9c74cb57d499cd782bd5751f827a2fffe550e998d17de8c9860263da",
  "pins" : [
    {
      "identity" : "swift-syntax",
      "kind" : "remoteSourceControl",
      "location" : "https://github.com/swiftlang/swift-syntax.git",
      "state" : {
        "revision" : "1103c45ece4f7fe160b8f75b4ea1ee2e5fac1841",
        "version" : "601.0.0-prerelease-2025-03-18"
      }
    },
    {
      "identity" : "swift-testing",
      "kind" : "remoteSourceControl",
      "location" : "https://github.com/swiftlang/swift-testing.git",
      "state" : {
        "branch" : "main",
        "revision" : "6bc562dc3baa219bb3a6555b30493c4166795979"
      }
    }
  ],
  "version" : 3
}
